// !$*UTF8*$!
{
	archiveVersion = 1;
	classes = {
	};
	objectVersion = 56;
	objects = {

/* Begin PBXBuildFile section */
		C024905F29CB47CE000F74C5 /* AppDelegate.swift in Sources */ = {isa = PBXBuildFile; fileRef = C024905E29CB47CE000F74C5 /* AppDelegate.swift */; };
		C024906129CB47CE000F74C5 /* SceneDelegate.swift in Sources */ = {isa = PBXBuildFile; fileRef = C024906029CB47CE000F74C5 /* SceneDelegate.swift */; };
		C024906329CB47CE000F74C5 /* ViewController.swift in Sources */ = {isa = PBXBuildFile; fileRef = C024906229CB47CE000F74C5 /* ViewController.swift */; };
		C024906629CB47CE000F74C5 /* Main.storyboard in Resources */ = {isa = PBXBuildFile; fileRef = C024906429CB47CE000F74C5 /* Main.storyboard */; };
		C024906829CB47CF000F74C5 /* Assets.xcassets in Resources */ = {isa = PBXBuildFile; fileRef = C024906729CB47CF000F74C5 /* Assets.xcassets */; };
		C024906B29CB47CF000F74C5 /* LaunchScreen.storyboard in Resources */ = {isa = PBXBuildFile; fileRef = C024906929CB47CF000F74C5 /* LaunchScreen.storyboard */; };
		C0707BCB29D1FCE500A4B714 /* PokemonDetailsVC.swift in Sources */ = {isa = PBXBuildFile; fileRef = C0707BCA29D1FCE500A4B714 /* PokemonDetailsVC.swift */; };
		C0707BD229D2343D00A4B714 /* UIImageViewExtension.swift in Sources */ = {isa = PBXBuildFile; fileRef = C0707BD129D2343D00A4B714 /* UIImageViewExtension.swift */; };
		C0707BD429D2351F00A4B714 /* Pokemon.swift in Sources */ = {isa = PBXBuildFile; fileRef = C0707BD329D2351F00A4B714 /* Pokemon.swift */; };
		C0707BD629D235CE00A4B714 /* PokemonAPI.swift in Sources */ = {isa = PBXBuildFile; fileRef = C0707BD529D235CE00A4B714 /* PokemonAPI.swift */; };
		C0EBAA1129D1EF0C00BF1332 /* PokemonTableViewCell.swift in Sources */ = {isa = PBXBuildFile; fileRef = C0EBAA1029D1EF0C00BF1332 /* PokemonTableViewCell.swift */; };
		C0EE149429D371E000246FEE /* UILabelExtension.swift in Sources */ = {isa = PBXBuildFile; fileRef = C0EE149329D371E000246FEE /* UILabelExtension.swift */; };
/* End PBXBuildFile section */

/* Begin PBXFileReference section */
		C024905B29CB47CE000F74C5 /* PokemonAnalyticaHouse.app */ = {isa = PBXFileReference; explicitFileType = wrapper.application; includeInIndex = 0; path = PokemonAnalyticaHouse.app; sourceTree = BUILT_PRODUCTS_DIR; };
		C024905E29CB47CE000F74C5 /* AppDelegate.swift */ = {isa = PBXFileReference; lastKnownFileType = sourcecode.swift; path = AppDelegate.swift; sourceTree = "<group>"; };
		C024906029CB47CE000F74C5 /* SceneDelegate.swift */ = {isa = PBXFileReference; lastKnownFileType = sourcecode.swift; path = SceneDelegate.swift; sourceTree = "<group>"; };
		C024906229CB47CE000F74C5 /* ViewController.swift */ = {isa = PBXFileReference; lastKnownFileType = sourcecode.swift; path = ViewController.swift; sourceTree = "<group>"; };
		C024906529CB47CE000F74C5 /* Base */ = {isa = PBXFileReference; lastKnownFileType = file.storyboard; name = Base; path = Base.lproj/Main.storyboard; sourceTree = "<group>"; };
		C024906729CB47CF000F74C5 /* Assets.xcassets */ = {isa = PBXFileReference; lastKnownFileType = folder.assetcatalog; path = Assets.xcassets; sourceTree = "<group>"; };
		C024906A29CB47CF000F74C5 /* Base */ = {isa = PBXFileReference; lastKnownFileType = file.storyboard; name = Base; path = Base.lproj/LaunchScreen.storyboard; sourceTree = "<group>"; };
		C024906C29CB47CF000F74C5 /* Info.plist */ = {isa = PBXFileReference; lastKnownFileType = text.plist.xml; path = Info.plist; sourceTree = "<group>"; };
		C0707BCA29D1FCE500A4B714 /* PokemonDetailsVC.swift */ = {isa = PBXFileReference; lastKnownFileType = sourcecode.swift; path = PokemonDetailsVC.swift; sourceTree = "<group>"; };
		C0707BD129D2343D00A4B714 /* UIImageViewExtension.swift */ = {isa = PBXFileReference; lastKnownFileType = sourcecode.swift; path = UIImageViewExtension.swift; sourceTree = "<group>"; };
		C0707BD329D2351F00A4B714 /* Pokemon.swift */ = {isa = PBXFileReference; lastKnownFileType = sourcecode.swift; path = Pokemon.swift; sourceTree = "<group>"; };
		C0707BD529D235CE00A4B714 /* PokemonAPI.swift */ = {isa = PBXFileReference; lastKnownFileType = sourcecode.swift; path = PokemonAPI.swift; sourceTree = "<group>"; };
		C0EBAA1029D1EF0C00BF1332 /* PokemonTableViewCell.swift */ = {isa = PBXFileReference; lastKnownFileType = sourcecode.swift; path = PokemonTableViewCell.swift; sourceTree = "<group>"; };
		C0EE149329D371E000246FEE /* UILabelExtension.swift */ = {isa = PBXFileReference; lastKnownFileType = sourcecode.swift; path = UILabelExtension.swift; sourceTree = "<group>"; };
/* End PBXFileReference section */

/* Begin PBXFrameworksBuildPhase section */
		C024905829CB47CE000F74C5 /* Frameworks */ = {
			isa = PBXFrameworksBuildPhase;
			buildActionMask = 2147483647;
			files = (
			);
			runOnlyForDeploymentPostprocessing = 0;
		};
/* End PBXFrameworksBuildPhase section */

/* Begin PBXGroup section */
		C024905229CB47CE000F74C5 = {
			isa = PBXGroup;
			children = (
				C024905D29CB47CE000F74C5 /* PokemonAnalyticaHouse */,
				C024905C29CB47CE000F74C5 /* Products */,
			);
			sourceTree = "<group>";
		};
		C024905C29CB47CE000F74C5 /* Products */ = {
			isa = PBXGroup;
			children = (
				C024905B29CB47CE000F74C5 /* PokemonAnalyticaHouse.app */,
			);
			name = Products;
			sourceTree = "<group>";
		};
		C024905D29CB47CE000F74C5 /* PokemonAnalyticaHouse */ = {
			isa = PBXGroup;
			children = (
				C0707BCE29D2036800A4B714 /* App */,
				C0707BD029D2043400A4B714 /* ViewController */,
				C0707BCD29D2032A00A4B714 /* View */,
				C0EE149529D3776800246FEE /* Model */,
				C0EE149729D377A000246FEE /* Extension */,
				C024906429CB47CE000F74C5 /* Main.storyboard */,
				C024906729CB47CF000F74C5 /* Assets.xcassets */,
				C024906929CB47CF000F74C5 /* LaunchScreen.storyboard */,
				C024906C29CB47CF000F74C5 /* Info.plist */,
			);
			path = PokemonAnalyticaHouse;
			sourceTree = "<group>";
		};
		C0707BCD29D2032A00A4B714 /* View */ = {
			isa = PBXGroup;
			children = (
				C0EBAA1029D1EF0C00BF1332 /* PokemonTableViewCell.swift */,
			);
			path = View;
			sourceTree = "<group>";
		};
		C0707BCE29D2036800A4B714 /* App */ = {
			isa = PBXGroup;
			children = (
				C024905E29CB47CE000F74C5 /* AppDelegate.swift */,
				C024906029CB47CE000F74C5 /* SceneDelegate.swift */,
			);
			path = App;
			sourceTree = "<group>";
		};
		C0707BD029D2043400A4B714 /* ViewController */ = {
			isa = PBXGroup;
			children = (
				C024906229CB47CE000F74C5 /* ViewController.swift */,
				C0707BCA29D1FCE500A4B714 /* PokemonDetailsVC.swift */,
			);
			path = ViewController;
			sourceTree = "<group>";
		};
		C0EE149529D3776800246FEE /* Model */ = {
			isa = PBXGroup;
			children = (
				C0EE149629D3778500246FEE /* Network */,
				C0707BD329D2351F00A4B714 /* Pokemon.swift */,
			);
			path = Model;
			sourceTree = "<group>";
		};
		C0EE149629D3778500246FEE /* Network */ = {
			isa = PBXGroup;
			children = (
				C0707BD529D235CE00A4B714 /* PokemonAPI.swift */,
			);
			path = Network;
			sourceTree = "<group>";
		};
		C0EE149729D377A000246FEE /* Extension */ = {
			isa = PBXGroup;
			children = (
				C0707BD129D2343D00A4B714 /* UIImageViewExtension.swift */,
				C0EE149329D371E000246FEE /* UILabelExtension.swift */,
			);
			path = Extension;
			sourceTree = "<group>";
		};
/* End PBXGroup section */

/* Begin PBXNativeTarget section */
		C024905A29CB47CE000F74C5 /* PokemonAnalyticaHouse */ = {
			isa = PBXNativeTarget;
			buildConfigurationList = C024906F29CB47CF000F74C5 /* Build configuration list for PBXNativeTarget "PokemonAnalyticaHouse" */;
			buildPhases = (
				C024905729CB47CE000F74C5 /* Sources */,
				C024905829CB47CE000F74C5 /* Frameworks */,
				C024905929CB47CE000F74C5 /* Resources */,
			);
			buildRules = (
			);
			dependencies = (
			);
			name = PokemonAnalyticaHouse;
			productName = PokemonAnalyticaHouse;
			productReference = C024905B29CB47CE000F74C5 /* PokemonAnalyticaHouse.app */;
			productType = "com.apple.product-type.application";
		};
/* End PBXNativeTarget section */

/* Begin PBXProject section */
		C024905329CB47CE000F74C5 /* Project object */ = {
			isa = PBXProject;
			attributes = {
				BuildIndependentTargetsInParallel = 1;
				LastSwiftUpdateCheck = 1420;
				LastUpgradeCheck = 1420;
				TargetAttributes = {
					C024905A29CB47CE000F74C5 = {
						CreatedOnToolsVersion = 14.2;
					};
				};
			};
			buildConfigurationList = C024905629CB47CE000F74C5 /* Build configuration list for PBXProject "PokemonAnalyticaHouse" */;
			compatibilityVersion = "Xcode 14.0";
			developmentRegion = en;
			hasScannedForEncodings = 0;
			knownRegions = (
				en,
				Base,
			);
			mainGroup = C024905229CB47CE000F74C5;
			productRefGroup = C024905C29CB47CE000F74C5 /* Products */;
			projectDirPath = "";
			projectRoot = "";
			targets = (
				C024905A29CB47CE000F74C5 /* PokemonAnalyticaHouse */,
			);
		};
/* End PBXProject section */

/* Begin PBXResourcesBuildPhase section */
		C024905929CB47CE000F74C5 /* Resources */ = {
			isa = PBXResourcesBuildPhase;
			buildActionMask = 2147483647;
			files = (
				C024906B29CB47CF000F74C5 /* LaunchScreen.storyboard in Resources */,
				C024906829CB47CF000F74C5 /* Assets.xcassets in Resources */,
				C024906629CB47CE000F74C5 /* Main.storyboard in Resources */,
			);
			runOnlyForDeploymentPostprocessing = 0;
		};
/* End PBXResourcesBuildPhase section */

/* Begin PBXSourcesBuildPhase section */
		C024905729CB47CE000F74C5 /* Sources */ = {
			isa = PBXSourcesBuildPhase;
			buildActionMask = 2147483647;
			files = (
				C0707BD429D2351F00A4B714 /* Pokemon.swift in Sources */,
				C0707BD629D235CE00A4B714 /* PokemonAPI.swift in Sources */,
				C024906329CB47CE000F74C5 /* ViewController.swift in Sources */,
				C0707BCB29D1FCE500A4B714 /* PokemonDetailsVC.swift in Sources */,
				C0EBAA1129D1EF0C00BF1332 /* PokemonTableViewCell.swift in Sources */,
				C024905F29CB47CE000F74C5 /* AppDelegate.swift in Sources */,
				C024906129CB47CE000F74C5 /* SceneDelegate.swift in Sources */,
				C0EE149429D371E000246FEE /* UILabelExtension.swift in Sources */,
				C0707BD229D2343D00A4B714 /* UIImageViewExtension.swift in Sources */,
			);
			runOnlyForDeploymentPostprocessing = 0;
		};
/* End PBXSourcesBuildPhase section */

/* Begin PBXVariantGroup section */
		C024906429CB47CE000F74C5 /* Main.storyboard */ = {
			isa = PBXVariantGroup;
			children = (
				C024906529CB47CE000F74C5 /* Base */,
			);
			name = Main.storyboard;
			sourceTree = "<group>";
		};
		C024906929CB47CF000F74C5 /* LaunchScreen.storyboard */ = {
			isa = PBXVariantGroup;
			children = (
				C024906A29CB47CF000F74C5 /* Base */,
			);
			name = LaunchScreen.storyboard;
			sourceTree = "<group>";
		};
/* End PBXVariantGroup section */

/* Begin XCBuildConfiguration section */
		C024906D29CB47CF000F74C5 /* Debug */ = {
			isa = XCBuildConfiguration;
			buildSettings = {
				ALWAYS_SEARCH_USER_PATHS = NO;
				CLANG_ANALYZER_NONNULL = YES;
				CLANG_ANALYZER_NUMBER_OBJECT_CONVERSION = YES_AGGRESSIVE;
				CLANG_CXX_LANGUAGE_STANDARD = "gnu++20";
				CLANG_ENABLE_MODULES = YES;
				CLANG_ENABLE_OBJC_ARC = YES;
				CLANG_ENABLE_OBJC_WEAK = YES;
				CLANG_WARN_BLOCK_CAPTURE_AUTORELEASING = YES;
				CLANG_WARN_BOOL_CONVERSION = YES;
				CLANG_WARN_COMMA = YES;
				CLANG_WARN_CONSTANT_CONVERSION = YES;
				CLANG_WARN_DEPRECATED_OBJC_IMPLEMENTATIONS = YES;
				CLANG_WARN_DIRECT_OBJC_ISA_USAGE = YES_ERROR;
				CLANG_WARN_DOCUMENTATION_COMMENTS = YES;
				CLANG_WARN_EMPTY_BODY = YES;
				CLANG_WARN_ENUM_CONVERSION = YES;
				CLANG_WARN_INFINITE_RECURSION = YES;
				CLANG_WARN_INT_CONVERSION = YES;
				CLANG_WARN_NON_LITERAL_NULL_CONVERSION = YES;
				CLANG_WARN_OBJC_IMPLICIT_RETAIN_SELF = YES;
				CLANG_WARN_OBJC_LITERAL_CONVERSION = YES;
				CLANG_WARN_OBJC_ROOT_CLASS = YES_ERROR;
				CLANG_WARN_QUOTED_INCLUDE_IN_FRAMEWORK_HEADER = YES;
				CLANG_WARN_RANGE_LOOP_ANALYSIS = YES;
				CLANG_WARN_STRICT_PROTOTYPES = YES;
				CLANG_WARN_SUSPICIOUS_MOVE = YES;
				CLANG_WARN_UNGUARDED_AVAILABILITY = YES_AGGRESSIVE;
				CLANG_WARN_UNREACHABLE_CODE = YES;
				CLANG_WARN__DUPLICATE_METHOD_MATCH = YES;
				COPY_PHASE_STRIP = NO;
				DEBUG_INFORMATION_FORMAT = dwarf;
				ENABLE_STRICT_OBJC_MSGSEND = YES;
				ENABLE_TESTABILITY = YES;
				GCC_C_LANGUAGE_STANDARD = gnu11;
				GCC_DYNAMIC_NO_PIC = NO;
				GCC_NO_COMMON_BLOCKS = YES;
				GCC_OPTIMIZATION_LEVEL = 0;
				GCC_PREPROCESSOR_DEFINITIONS = (
					"DEBUG=1",
					"$(inherited)",
				);
				GCC_WARN_64_TO_32_BIT_CONVERSION = YES;
				GCC_WARN_ABOUT_RETURN_TYPE = YES_ERROR;
				GCC_WARN_UNDECLARED_SELECTOR = YES;
				GCC_WARN_UNINITIALIZED_AUTOS = YES_AGGRESSIVE;
				GCC_WARN_UNUSED_FUNCTION = YES;
				GCC_WARN_UNUSED_VARIABLE = YES;
				IPHONEOS_DEPLOYMENT_TARGET = 16.2;
				MTL_ENABLE_DEBUG_INFO = INCLUDE_SOURCE;
				MTL_FAST_MATH = YES;
				ONLY_ACTIVE_ARCH = YES;
				SDKROOT = iphoneos;
				SWIFT_ACTIVE_COMPILATION_CONDITIONS = DEBUG;
				SWIFT_OPTIMIZATION_LEVEL = "-Onone";
			};
			name = Debug;
		};
		C024906E29CB47CF000F74C5 /* Release */ = {
			isa = XCBuildConfiguration;
			buildSettings = {
				ALWAYS_SEARCH_USER_PATHS = NO;
				CLANG_ANALYZER_NONNULL = YES;
				CLANG_ANALYZER_NUMBER_OBJECT_CONVERSION = YES_AGGRESSIVE;
				CLANG_CXX_LANGUAGE_STANDARD = "gnu++20";
				CLANG_ENABLE_MODULES = YES;
				CLANG_ENABLE_OBJC_ARC = YES;
				CLANG_ENABLE_OBJC_WEAK = YES;
				CLANG_WARN_BLOCK_CAPTURE_AUTORELEASING = YES;
				CLANG_WARN_BOOL_CONVERSION = YES;
				CLANG_WARN_COMMA = YES;
				CLANG_WARN_CONSTANT_CONVERSION = YES;
				CLANG_WARN_DEPRECATED_OBJC_IMPLEMENTATIONS = YES;
				CLANG_WARN_DIRECT_OBJC_ISA_USAGE = YES_ERROR;
				CLANG_WARN_DOCUMENTATION_COMMENTS = YES;
				CLANG_WARN_EMPTY_BODY = YES;
				CLANG_WARN_ENUM_CONVERSION = YES;
				CLANG_WARN_INFINITE_RECURSION = YES;
				CLANG_WARN_INT_CONVERSION = YES;
				CLANG_WARN_NON_LITERAL_NULL_CONVERSION = YES;
				CLANG_WARN_OBJC_IMPLICIT_RETAIN_SELF = YES;
				CLANG_WARN_OBJC_LITERAL_CONVERSION = YES;
				CLANG_WARN_OBJC_ROOT_CLASS = YES_ERROR;
				CLANG_WARN_QUOTED_INCLUDE_IN_FRAMEWORK_HEADER = YES;
				CLANG_WARN_RANGE_LOOP_ANALYSIS = YES;
				CLANG_WARN_STRICT_PROTOTYPES = YES;
				CLANG_WARN_SUSPICIOUS_MOVE = YES;
				CLANG_WARN_UNGUARDED_AVAILABILITY = YES_AGGRESSIVE;
				CLANG_WARN_UNREACHABLE_CODE = YES;
				CLANG_WARN__DUPLICATE_METHOD_MATCH = YES;
				COPY_PHASE_STRIP = NO;
				DEBUG_INFORMATION_FORMAT = "dwarf-with-dsym";
				ENABLE_NS_ASSERTIONS = NO;
				ENABLE_STRICT_OBJC_MSGSEND = YES;
				GCC_C_LANGUAGE_STANDARD = gnu11;
				GCC_NO_COMMON_BLOCKS = YES;
				GCC_WARN_64_TO_32_BIT_CONVERSION = YES;
				GCC_WARN_ABOUT_RETURN_TYPE = YES_ERROR;
				GCC_WARN_UNDECLARED_SELECTOR = YES;
				GCC_WARN_UNINITIALIZED_AUTOS = YES_AGGRESSIVE;
				GCC_WARN_UNUSED_FUNCTION = YES;
				GCC_WARN_UNUSED_VARIABLE = YES;
				IPHONEOS_DEPLOYMENT_TARGET = 16.2;
				MTL_ENABLE_DEBUG_INFO = NO;
				MTL_FAST_MATH = YES;
				SDKROOT = iphoneos;
				SWIFT_COMPILATION_MODE = wholemodule;
				SWIFT_OPTIMIZATION_LEVEL = "-O";
				VALIDATE_PRODUCT = YES;
			};
			name = Release;
		};
		C024907029CB47CF000F74C5 /* Debug */ = {
			isa = XCBuildConfiguration;
			buildSettings = {
				ASSETCATALOG_COMPILER_APPICON_NAME = AppIcon;
				ASSETCATALOG_COMPILER_GLOBAL_ACCENT_COLOR_NAME = AccentColor;
				CODE_SIGN_STYLE = Automatic;
				CURRENT_PROJECT_VERSION = 1;
				DEVELOPMENT_TEAM = RK6RS4ZNBT;
				GENERATE_INFOPLIST_FILE = YES;
				INFOPLIST_FILE = PokemonAnalyticaHouse/Info.plist;
				INFOPLIST_KEY_UIApplicationSupportsIndirectInputEvents = YES;
				INFOPLIST_KEY_UILaunchStoryboardName = LaunchScreen;
				INFOPLIST_KEY_UIMainStoryboardFile = Main;
				INFOPLIST_KEY_UISupportedInterfaceOrientations_iPad = "UIInterfaceOrientationPortrait UIInterfaceOrientationPortraitUpsideDown UIInterfaceOrientationLandscapeLeft UIInterfaceOrientationLandscapeRight";
				INFOPLIST_KEY_UISupportedInterfaceOrientations_iPhone = "UIInterfaceOrientationPortrait UIInterfaceOrientationLandscapeLeft UIInterfaceOrientationLandscapeRight";
				LD_RUNPATH_SEARCH_PATHS = (
					"$(inherited)",
					"@executable_path/Frameworks",
				);
				MARKETING_VERSION = 1.0;
				PRODUCT_BUNDLE_IDENTIFIER = berkhayta.PokemonAnalyticaHouse;
				PRODUCT_NAME = "$(TARGET_NAME)";
				SWIFT_EMIT_LOC_STRINGS = YES;
				SWIFT_VERSION = 5.0;
				TARGETED_DEVICE_FAMILY = "1,2";
			};
			name = Debug;
		};
		C024907129CB47CF000F74C5 /* Release */ = {
			isa = XCBuildConfiguration;
			buildSettings = {
				ASSETCATALOG_COMPILER_APPICON_NAME = AppIcon;
				ASSETCATALOG_COMPILER_GLOBAL_ACCENT_COLOR_NAME = AccentColor;
				CODE_SIGN_STYLE = Automatic;
				CURRENT_PROJECT_VERSION = 1;
				DEVELOPMENT_TEAM = RK6RS4ZNBT;
				GENERATE_INFOPLIST_FILE = YES;
				INFOPLIST_FILE = PokemonAnalyticaHouse/Info.plist;
				INFOPLIST_KEY_UIApplicationSupportsIndirectInputEvents = YES;
				INFOPLIST_KEY_UILaunchStoryboardName = LaunchScreen;
				INFOPLIST_KEY_UIMainStoryboardFile = Main;
				INFOPLIST_KEY_UISupportedInterfaceOrientations_iPad = "UIInterfaceOrientationPortrait UIInterfaceOrientationPortraitUpsideDown UIInterfaceOrientationLandscapeLeft UIInterfaceOrientationLandscapeRight";
				INFOPLIST_KEY_UISupportedInterfaceOrientations_iPhone = "UIInterfaceOrientationPortrait UIInterfaceOrientationLandscapeLeft UIInterfaceOrientationLandscapeRight";
				LD_RUNPATH_SEARCH_PATHS = (
					"$(inherited)",
					"@executable_path/Frameworks",
				);
				MARKETING_VERSION = 1.0;
				PRODUCT_BUNDLE_IDENTIFIER = berkhayta.PokemonAnalyticaHouse;
				PRODUCT_NAME = "$(TARGET_NAME)";
				SWIFT_EMIT_LOC_STRINGS = YES;
				SWIFT_VERSION = 5.0;
				TARGETED_DEVICE_FAMILY = "1,2";
			};
			name = Release;
		};
/* End XCBuildConfiguration section */

/* Begin XCConfigurationList section */
		C024905629CB47CE000F74C5 /* Build configuration list for PBXProject "PokemonAnalyticaHouse" */ = {
			isa = XCConfigurationList;
			buildConfigurations = (
				C024906D29CB47CF000F74C5 /* Debug */,
				C024906E29CB47CF000F74C5 /* Release */,
			);
			defaultConfigurationIsVisible = 0;
			defaultConfigurationName = Release;
		};
		C024906F29CB47CF000F74C5 /* Build configuration list for PBXNativeTarget "PokemonAnalyticaHouse" */ = {
			isa = XCConfigurationList;
			buildConfigurations = (
				C024907029CB47CF000F74C5 /* Debug */,
				C024907129CB47CF000F74C5 /* Release */,
			);
			defaultConfigurationIsVisible = 0;
			defaultConfigurationName = Release;
		};
/* End XCConfigurationList section */
	};
	rootObject = C024905329CB47CE000F74C5 /* Project object */;
}
